<Solution>
  <Configurations>
    <Platform Name="x64" />
    <Platform Name="x86" />
  </Configurations>
  <Project Path="app01/app01.vcxproj" Id="5d7eb2bc-d7ba-451c-b927-d506669fdd5b" />
  <Project Path="app02/app02.vcxproj" Id="3cb5bac4-41ce-4526-b99b-10e42f74c98b" />
  <Project Path="app03/app03.vcxproj" Id="b7a4126e-34ef-4548-9a5e-ca4fe6839a11" />
  <Project Path="MOVIE/MOVIE.vcxproj" Id="30091965-8891-40fa-b464-17f67f0d6cec" />
</Solution>
